{
  "name": "manager-frontend",
  "version": "0.1.0",
  "lockfileVersion": 1,
  "requires": true,
  "dependencies": {
    "@types/vue-material": {
      "version": "git+https://github.com/calebsander/vue-material-types.git#9e5e41e598a9cd9962f07f52cd7743de8bd7e4a0",
      "dev": true,
      "requires": {
        "vue": "2.5.16"
      },
      "dependencies": {
        "vue": {
          "version": "2.5.16",
          "resolved": "https://registry.npmjs.org/vue/-/vue-2.5.16.tgz",
          "integrity": "sha512-/ffmsiVuPC8PsWcFkZngdpas19ABm5mh2wA7iDqcltyCTwlgZjHGeJYOXkBMo422iPwIcviOtrTCUpSfXmToLQ==",
          "dev": true
        }
      }
    }
  }
}
